PODS:
  - Flutter (1.0.0)
  - image_picker (0.0.1):
    - Flutter
  - sms (0.0.1):
    - Flutter

DEPENDENCIES:
  - Flutter (from `Flutter`)
  - image_picker (from `.symlinks/plugins/image_picker/ios`)
  - sms (from `.symlinks/plugins/sms/ios`)

EXTERNAL SOURCES:
  Flutter:
    :path: Flutter
  image_picker:
    :path: ".symlinks/plugins/image_picker/ios"
  sms:
    :path: ".symlinks/plugins/sms/ios"

SPEC CHECKSUMS:
  Flutter: 0e3d915762c693b495b44d77113d4970485de6ec
  image_picker: 9c3312491f862b28d21ecd8fdf0ee14e601b3f09
  sms: 1e6c3082da09f2a4961d61bc254cc86865993ffd

PODFILE CHECKSUM: aafe91acc616949ddb318b77800a7f51bffa2a4c

COCOAPODS: 1.8.0
